{
    "_readme": [
        "This file locks the dependencies of your project to a known state",
        "Read more about it at https://getcomposer.org/doc/01-basic-usage.md#composer-lock-the-lock-file",
        "This file is @generated automatically"
    ],
    "hash": "9c3913d7dff729b2683e65389b979130",
    "packages": [
        {
            "name": "cebe/markdown",
            "version": "1.0.2",
            "source": {
                "type": "git",
                "url": "https://github.com/cebe/markdown.git",
                "reference": "f681fee8303310415b746f3758eeda0a7ad08bda"
            },
            "dist": {
                "type": "zip",
                "url": "https://api.github.com/repos/cebe/markdown/zipball/f681fee8303310415b746f3758eeda0a7ad08bda",
                "reference": "f681fee8303310415b746f3758eeda0a7ad08bda",
                "shasum": ""
            },
            "require": {
                "lib-pcre": "*",
                "php": ">=5.4.0"
            },
            "require-dev": {
                "cebe/indent": "*",
                "facebook/xhprof": "*@dev",
                "phpunit/phpunit": "3.7.*"
            },
            "bin": [
                "bin/markdown"
            ],
            "type": "library",
            "extra": {
                "branch-alias": {
                    "dev-master": "1.0.x-dev"
                }
            },
            "autoload": {
                "psr-4": {
                    "cebe\\markdown\\": ""
                }
            },
            "notification-url": "https://packagist.org/downloads/",
            "license": [
                "MIT"
            ],
            "authors": [
                {
                    "name": "Carsten Brandt",
                    "email": "mail@cebe.cc",
                    "homepage": "http://cebe.cc/",
                    "role": "Creator"
                }
            ],
            "description": "A super fast, highly extensible markdown parser for PHP",
            "homepage": "https://github.com/cebe/markdown#readme",
            "keywords": [
                "extensible",
                "fast",
                "gfm",
                "markdown",
                "markdown-extra"
            ],
            "time": "2015-03-06 05:21:16"
        },
        {
            "name": "digitalnature/php-ref",
            "version": "dev-master",
            "source": {
                "type": "git",
                "url": "https://github.com/digitalnature/php-ref.git",
                "reference": "99285fe3995e45e7cd9dc2ad8bdc218810fb6208"
            },
            "dist": {
                "type": "zip",
                "url": "https://api.github.com/repos/digitalnature/php-ref/zipball/99285fe3995e45e7cd9dc2ad8bdc218810fb6208",
                "reference": "99285fe3995e45e7cd9dc2ad8bdc218810fb6208",
                "shasum": ""
            },
            "require": {
                "php": ">=5.3.0"
            },
            "type": "library",
            "autoload": {
                "files": [
                    "ref.php"
                ]
            },
            "notification-url": "https://packagist.org/downloads/",
            "license": [
                "MIT"
            ],
            "description": "A nicer print_r/var_dump alternative for PHP 5.3+",
            "homepage": "https://github.com/digitalnature/php-ref",
            "keywords": [
                "debug",
                "var_dump"
            ],
            "time": "2015-05-02 15:06:31"
        },
        {
            "name": "milo/github-api",
            "version": "v1.4.2",
            "source": {
                "type": "git",
                "url": "https://github.com/milo/github-api.git",
                "reference": "93409cc970ebe892dc0992778f2ba436b8fc246b"
            },
            "dist": {
                "type": "zip",
                "url": "https://api.github.com/repos/milo/github-api/zipball/93409cc970ebe892dc0992778f2ba436b8fc246b",
                "reference": "93409cc970ebe892dc0992778f2ba436b8fc246b",
                "shasum": ""
            },
            "require": {
                "php": ">=5.4.0"
            },
            "require-dev": {
                "nette/tester": "~1.3.0"
            },
            "suggest": {
                "ext-curl": "Allows you to use Http\\CurlClient"
            },
            "type": "library",
            "autoload": {
                "classmap": [
                    "src/Github/"
                ]
            },
            "notification-url": "https://packagist.org/downloads/",
            "license": [
                "MIT"
            ],
            "authors": [
                {
                    "name": "Miloslav Hůla",
                    "email": "miloslav.hula@gmail.com",
                    "homepage": "https://github.com/milo"
                }
            ],
            "description": "Github API easy access",
            "time": "2015-05-07 09:10:08"
        },
        {
            "name": "projectcleverweb/php-uri",
            "version": "dev-develop",
            "source": {
                "type": "git",
                "url": "https://github.com/ProjectCleverWeb/PHP-URI.git",
                "reference": "eeae4aaa02cad74fa0419a770d977fd07f281f67"
            },
            "dist": {
                "type": "zip",
                "url": "https://api.github.com/repos/ProjectCleverWeb/PHP-URI/zipball/eeae4aaa02cad74fa0419a770d977fd07f281f67",
                "reference": "eeae4aaa02cad74fa0419a770d977fd07f281f67",
                "shasum": ""
            },
            "require": {
                "php": ">=5.4"
            },
            "require-dev": {
                "phpunit/phpunit": "~4.0"
            },
            "type": "library",
            "extra": {
                "branch-alias": {
                    "2.0.0-dev": "2.0.0-dev",
                    "2.0.0-query": "2.0.0-dev"
                }
            },
            "autoload": {
                "psr-4": {
                    "projectcleverweb\\uri\\": "src"
                }
            },
            "notification-url": "https://packagist.org/downloads/",
            "license": [
                "MIT"
            ],
            "authors": [
                {
                    "name": "Nicholas Jordon",
                    "email": "projectcleverweb@gmail.com",
                    "homepage": "https://github.com/ProjectCleverWeb"
                }
            ],
            "description": "A PHP library for working with URIs (aka URLs), that is designed around the URI standard (RFC 3986). Requires PHP 5.4 or later. This library replaces and extends all of PHP's parse_url() features, and adds several new features for manipulating URI/URL strings.",
            "homepage": "https://github.com/ProjectCleverWeb/PHP-URI",
            "keywords": [
                "address",
                "parse_url",
                "uri",
                "url",
                "web"
            ],
            "time": "2014-09-26 03:41:15"
        }
    ],
    "packages-dev": [],
    "aliases": [],
    "minimum-stability": "stable",
    "stability-flags": {
        "digitalnature/php-ref": 20,
        "projectcleverweb/php-uri": 20
    },
    "prefer-stable": false,
    "prefer-lowest": false,
    "platform": {
        "php": ">=5.4"
    },
    "platform-dev": []
}
